
Microsoft Visual Studio Solution File, Format Version 12.00
# Visual Studio Version 17
VisualStudioVersion = 17.8.34330.188
MinimumVisualStudioVersion = 10.0.40219.1
Project("{FAE04EC0-301F-11D3-BF4B-00C04F79EFBC}") = "DotNetOfficialExistingDatabase", "DotNetOfficialExistingDatabase\DotNetOfficialExistingDatabase.csproj", "{6F0DFDBD-418A-48F1-A2C6-81D8EF1D5889}"
EndProject
Global
	GlobalSection(SolutionConfigurationPlatforms) = preSolution
		Debug|Any CPU = Debug|Any CPU
		Release|Any CPU = Release|Any CPU
	EndGlobalSection
	GlobalSection(ProjectConfigurationPlatforms) = postSolution
		{6F0DFDBD-418A-48F1-A2C6-81D8EF1D5889}.Debug|Any CPU.ActiveCfg = Debug|Any CPU
		{6F0DFDBD-418A-48F1-A2C6-81D8EF1D5889}.Debug|Any CPU.Build.0 = Debug|Any CPU
		{6F0DFDBD-418A-48F1-A2C6-81D8EF1D5889}.Release|Any CPU.ActiveCfg = Release|Any CPU
		{6F0DFDBD-418A-48F1-A2C6-81D8EF1D5889}.Release|Any CPU.Build.0 = Release|Any CPU
	EndGlobalSection
	GlobalSection(SolutionProperties) = preSolution
		HideSolutionNode = FALSE
	EndGlobalSection
	GlobalSection(ExtensibilityGlobals) = postSolution
		SolutionGuid = {311ADC12-D87C-4F5A-8EE9-BE86001FF8E4}
	EndGlobalSection
EndGlobal
